
Microsoft Visual Studio Solution File, Format Version 12.00
# Visual Studio Version 17
VisualStudioVersion = 17.14.36301.6 d17.14
MinimumVisualStudioVersion = 10.0.40219.1
Project("{FAE04EC0-301F-11D3-BF4B-00C04F79EFBC}") = "WeatherApp.WebApi", "src\WeatherApp.WebApi\WeatherApp.WebApi.csproj", "{F10CCD8B-D35E-4730-8A11-742BDB9224E9}"
EndProject
Project("{FAE04EC0-301F-11D3-BF4B-00C04F79EFBC}") = "WeatherApp.Web", "WeatherApp.Web\WeatherApp.Web.csproj", "{1BF99CA5-DC56-446F-95EF-2BA324D722BA}"
EndProject
Global
	GlobalSection(SolutionConfigurationPlatforms) = preSolution
		Debug|Any CPU = Debug|Any CPU
		Release|Any CPU = Release|Any CPU
	EndGlobalSection
	GlobalSection(ProjectConfigurationPlatforms) = postSolution
		{F10CCD8B-D35E-4730-8A11-742BDB9224E9}.Debug|Any CPU.ActiveCfg = Debug|Any CPU
		{F10CCD8B-D35E-4730-8A11-742BDB9224E9}.Debug|Any CPU.Build.0 = Debug|Any CPU
		{F10CCD8B-D35E-4730-8A11-742BDB9224E9}.Release|Any CPU.ActiveCfg = Release|Any CPU
		{F10CCD8B-D35E-4730-8A11-742BDB9224E9}.Release|Any CPU.Build.0 = Release|Any CPU
		{1BF99CA5-DC56-446F-95EF-2BA324D722BA}.Debug|Any CPU.ActiveCfg = Debug|Any CPU
		{1BF99CA5-DC56-446F-95EF-2BA324D722BA}.Debug|Any CPU.Build.0 = Debug|Any CPU
		{1BF99CA5-DC56-446F-95EF-2BA324D722BA}.Release|Any CPU.ActiveCfg = Release|Any CPU
		{1BF99CA5-DC56-446F-95EF-2BA324D722BA}.Release|Any CPU.Build.0 = Release|Any CPU
	EndGlobalSection
	GlobalSection(SolutionProperties) = preSolution
		HideSolutionNode = FALSE
	EndGlobalSection
	GlobalSection(ExtensibilityGlobals) = postSolution
		SolutionGuid = {BE40C967-1151-4B5A-B8E3-6F5BF10A6C24}
	EndGlobalSection
EndGlobal
